<?xml version="1.0" encoding="UTF-8" standalone="yes" ?>
<CodeBlocks_project_file>
	<FileVersion major="1" minor="6" />
	<Project>
		<Option title="Nyx Adventure Game" />
		<Option pch_mode="2" />
		<Option compiler="gcc" />
		<Build>
			<Target title="Debug">
				<Option output="bin/Debug/Nyx Adventure Game" prefix_auto="1" extension_auto="1" />
				<Option object_output="obj/Debug/" />
				<Option type="1" />
				<Option compiler="gcc" />
				<Compiler>
					<Add option="-g" />
					<Add directory="include" />
				</Compiler>
			</Target>
			<Target title="Release">
				<Option output="bin/Release/Nyx Adventure Game" prefix_auto="1" extension_auto="1" />
				<Option object_output="obj/Release/" />
				<Option type="1" />
				<Option compiler="gcc" />
				<Compiler>
					<Add option="-O2" />
					<Add directory="include" />
				</Compiler>
				<Linker>
					<Add option="-s" />
				</Linker>
			</Target>
		</Build>
		<Compiler>
			<Add option="-Wall" />
			<Add option="-std=c++11" />
			<Add option="-fexceptions" />
			<Add directory="include" />
			<Add directory="./include" />
		</Compiler>
		<Unit filename="include/ability.h" />
		<Unit filename="include/baseCharacter.h" />
		<Unit filename="include/chest.h" />
		<Unit filename="include/combatManager.h" />
		<Unit filename="include/consumable.h" />
		<Unit filename="include/dice.h" />
		<Unit filename="include/gameManager.h" />
		<Unit filename="include/inventory.h" />
		<Unit filename="include/item.h" />
		<Unit filename="include/monster.h" />
		<Unit filename="include/player.h" />
		<Unit filename="include/roomManager.h" />
		<Unit filename="include/screen.h" />
		<Unit filename="include/weapon.h" />
		<Unit filename="src/ability.cpp" />
		<Unit filename="src/baseCharacter.cpp" />
		<Unit filename="src/chest.cpp" />
		<Unit filename="src/combatManager.cpp" />
		<Unit filename="src/consumable.cpp" />
		<Unit filename="src/dice.cpp" />
		<Unit filename="src/game/main.cpp">
			<Option target="Release" />
		</Unit>
		<Unit filename="src/gameManager.cpp" />
		<Unit filename="src/inventory.cpp" />
		<Unit filename="src/item.cpp" />
		<Unit filename="src/monster.cpp" />
		<Unit filename="src/player.cpp" />
		<Unit filename="src/roomManager.cpp" />
		<Unit filename="src/screen.cpp" />
		<Unit filename="src/weapon.cpp" />
		<Unit filename="test/main.cpp">
			<Option target="Debug" />
		</Unit>
		<Extensions>
			<code_completion />
			<envvars />
			<debugger />
			<lib_finder disable_auto="1" />
		</Extensions>
	</Project>
</CodeBlocks_project_file>
